// !$*UTF8*$!
{
	archiveVersion = 1;
	classes = {
	};
	objectVersion = 50;
	objects = {

/* Begin PBXBuildFile section */
		541D2EDC21E7D6B800C68E0F /* ComplicationController.swift in Sources */ = {isa = PBXBuildFile; fileRef = 541D2EDB21E7D6B800C68E0F /* ComplicationController.swift */; };
		5435232F21B71847009C98E7 /* SwiftyJsonExtension.swift in Sources */ = {isa = PBXBuildFile; fileRef = 5435232E21B71847009C98E7 /* SwiftyJsonExtension.swift */; };
		5437A3BB21BC525400533CFC /* NKMarkupParser.m in Sources */ = {isa = PBXBuildFile; fileRef = 5437A3B921BC525400533CFC /* NKMarkupParser.m */; };
		54422A9421B1E54500DB923D /* AppDelegate.swift in Sources */ = {isa = PBXBuildFile; fileRef = 54422A9321B1E54500DB923D /* AppDelegate.swift */; };
		54422A9B21B1E54700DB923D /* Assets.xcassets in Resources */ = {isa = PBXBuildFile; fileRef = 54422A9A21B1E54700DB923D /* Assets.xcassets */; };
		54422A9E21B1E54700DB923D /* LaunchScreen.storyboard in Resources */ = {isa = PBXBuildFile; fileRef = 54422A9C21B1E54700DB923D /* LaunchScreen.storyboard */; };
		5459DAC321E6A1A200DD2B61 /* SwiftyJSON.framework in Embed Frameworks */ = {isa = PBXBuildFile; fileRef = 5459DAC021E6A17C00DD2B61 /* SwiftyJSON.framework */; settings = {ATTRIBUTES = (RemoveHeadersOnCopy, ); }; };
		5459DAC521E6F16700DD2B61 /* SwiftyJSON.framework in Frameworks */ = {isa = PBXBuildFile; fileRef = 5459DAC021E6A17C00DD2B61 /* SwiftyJSON.framework */; };
		5477B15D21B6CBD200C2153C /* WorkoutTableViewCell.swift in Sources */ = {isa = PBXBuildFile; fileRef = 5477B15C21B6CBD200C2153C /* WorkoutTableViewCell.swift */; };
		5477B16121B6D11700C2153C /* WorkoutsTableViewController.swift in Sources */ = {isa = PBXBuildFile; fileRef = 5477B16021B6D11700C2153C /* WorkoutsTableViewController.swift */; };
		5477B16321B6D1C000C2153C /* Workout.swift in Sources */ = {isa = PBXBuildFile; fileRef = 5477B16221B6D1C000C2153C /* Workout.swift */; };
		547D5A0221B9FC6000E8EEEE /* HEWArtwork.png in Resources */ = {isa = PBXBuildFile; fileRef = 547D5A0121B9FC5F00E8EEEE /* HEWArtwork.png */; };
		5482BE5921C0582D00D011A4 /* fa-solid-900.ttf in Resources */ = {isa = PBXBuildFile; fileRef = 5482BE4A21C0582D00D011A4 /* fa-solid-900.ttf */; };
		5482BE5B21C0595700D011A4 /* SettingsTableViewController.swift in Sources */ = {isa = PBXBuildFile; fileRef = 5482BE5A21C0595700D011A4 /* SettingsTableViewController.swift */; };
		5482BE5D21C06E6300D011A4 /* Main.storyboard in Resources */ = {isa = PBXBuildFile; fileRef = 5482BE5C21C06E6300D011A4 /* Main.storyboard */; };
		54BD2E4721BB21DA005D6C07 /* NSAttributedStringExtension.swift in Sources */ = {isa = PBXBuildFile; fileRef = 54BD2E4621BB21DA005D6C07 /* NSAttributedStringExtension.swift */; };
		54C8AC3721E545AC004BD138 /* Interface.storyboard in Resources */ = {isa = PBXBuildFile; fileRef = 54C8AC3521E545AC004BD138 /* Interface.storyboard */; };
		54C8AC3921E545AF004BD138 /* Assets.xcassets in Resources */ = {isa = PBXBuildFile; fileRef = 54C8AC3821E545AF004BD138 /* Assets.xcassets */; };
		54C8AC4021E545B0004BD138 /* HEW WOD Watch Extension.appex in Embed App Extensions */ = {isa = PBXBuildFile; fileRef = 54C8AC3F21E545B0004BD138 /* HEW WOD Watch Extension.appex */; settings = {ATTRIBUTES = (RemoveHeadersOnCopy, ); }; };
		54C8AC4521E545B0004BD138 /* InterfaceController.swift in Sources */ = {isa = PBXBuildFile; fileRef = 54C8AC4421E545B0004BD138 /* InterfaceController.swift */; };
		54C8AC4721E545B0004BD138 /* ExtensionDelegate.swift in Sources */ = {isa = PBXBuildFile; fileRef = 54C8AC4621E545B0004BD138 /* ExtensionDelegate.swift */; };
		54C8AC4921E545B0004BD138 /* NotificationController.swift in Sources */ = {isa = PBXBuildFile; fileRef = 54C8AC4821E545B0004BD138 /* NotificationController.swift */; };
		54C8AC4B21E545B0004BD138 /* Assets.xcassets in Resources */ = {isa = PBXBuildFile; fileRef = 54C8AC4A21E545B0004BD138 /* Assets.xcassets */; };
		54C8AC5021E545B0004BD138 /* HEW WOD Watch.app in Embed Watch Content */ = {isa = PBXBuildFile; fileRef = 54C8AC3321E545AC004BD138 /* HEW WOD Watch.app */; };
		54D6FBE021E64F8900425717 /* NKMarkupParser.m in Sources */ = {isa = PBXBuildFile; fileRef = 5437A3B921BC525400533CFC /* NKMarkupParser.m */; };
		54ECD53B21C5B8C600B27F7B /* Alamofire.framework in Frameworks */ = {isa = PBXBuildFile; fileRef = 54ECD53A21C5B8C600B27F7B /* Alamofire.framework */; };
		54ECD53D21C5B8CE00B27F7B /* SwiftyJSON.framework in Frameworks */ = {isa = PBXBuildFile; fileRef = 54ECD53C21C5B8CE00B27F7B /* SwiftyJSON.framework */; };
		54ECD53E21C5B9CC00B27F7B /* Alamofire.framework in Embed Frameworks */ = {isa = PBXBuildFile; fileRef = 54ECD53A21C5B8C600B27F7B /* Alamofire.framework */; settings = {ATTRIBUTES = (RemoveHeadersOnCopy, ); }; };
		54ECD53F21C5B9D200B27F7B /* SwiftyJSON.framework in Embed Frameworks */ = {isa = PBXBuildFile; fileRef = 54ECD53C21C5B8CE00B27F7B /* SwiftyJSON.framework */; settings = {ATTRIBUTES = (RemoveHeadersOnCopy, ); }; };
/* End PBXBuildFile section */

/* Begin PBXContainerItemProxy section */
		54C8AC4121E545B0004BD138 /* PBXContainerItemProxy */ = {
			isa = PBXContainerItemProxy;
			containerPortal = 54422A8821B1E54500DB923D /* Project object */;
			proxyType = 1;
			remoteGlobalIDString = 54C8AC3E21E545B0004BD138;
			remoteInfo = "HEW WOD Watch Extension";
		};
		54C8AC4E21E545B0004BD138 /* PBXContainerItemProxy */ = {
			isa = PBXContainerItemProxy;
			containerPortal = 54422A8821B1E54500DB923D /* Project object */;
			proxyType = 1;
			remoteGlobalIDString = 54C8AC3221E545AC004BD138;
			remoteInfo = "HEW WOD Watch";
		};
/* End PBXContainerItemProxy section */

/* Begin PBXCopyFilesBuildPhase section */
		5477B15B21B6BFC200C2153C /* Embed Frameworks */ = {
			isa = PBXCopyFilesBuildPhase;
			buildActionMask = 2147483647;
			dstPath = "";
			dstSubfolderSpec = 10;
			files = (
				54ECD53F21C5B9D200B27F7B /* SwiftyJSON.framework in Embed Frameworks */,
				54ECD53E21C5B9CC00B27F7B /* Alamofire.framework in Embed Frameworks */,
			);
			name = "Embed Frameworks";
			runOnlyForDeploymentPostprocessing = 0;
		};
		549FB9EB21E69C6600F7056F /* Embed Frameworks */ = {
			isa = PBXCopyFilesBuildPhase;
			buildActionMask = 2147483647;
			dstPath = "";
			dstSubfolderSpec = 10;
			files = (
				5459DAC321E6A1A200DD2B61 /* SwiftyJSON.framework in Embed Frameworks */,
			);
			name = "Embed Frameworks";
			runOnlyForDeploymentPostprocessing = 0;
		};
		54C8AC5621E545B0004BD138 /* Embed App Extensions */ = {
			isa = PBXCopyFilesBuildPhase;
			buildActionMask = 2147483647;
			dstPath = "";
			dstSubfolderSpec = 13;
			files = (
				54C8AC4021E545B0004BD138 /* HEW WOD Watch Extension.appex in Embed App Extensions */,
			);
			name = "Embed App Extensions";
			runOnlyForDeploymentPostprocessing = 0;
		};
		54C8AC5821E545B0004BD138 /* Embed Watch Content */ = {
			isa = PBXCopyFilesBuildPhase;
			buildActionMask = 2147483647;
			dstPath = "$(CONTENTS_FOLDER_PATH)/Watch";
			dstSubfolderSpec = 16;
			files = (
				54C8AC5021E545B0004BD138 /* HEW WOD Watch.app in Embed Watch Content */,
			);
			name = "Embed Watch Content";
			runOnlyForDeploymentPostprocessing = 0;
		};
/* End PBXCopyFilesBuildPhase section */

/* Begin PBXFileReference section */
		541D2EDB21E7D6B800C68E0F /* ComplicationController.swift */ = {isa = PBXFileReference; fileEncoding = 4; lastKnownFileType = sourcecode.swift; path = ComplicationController.swift; sourceTree = "<group>"; };
		5435232E21B71847009C98E7 /* SwiftyJsonExtension.swift */ = {isa = PBXFileReference; lastKnownFileType = sourcecode.swift; name = SwiftyJsonExtension.swift; path = Source/SwiftyJsonExtension.swift; sourceTree = SOURCE_ROOT; };
		5437A3AA21BC525400533CFC /* HEW WOD-Bridging-Header.h */ = {isa = PBXFileReference; lastKnownFileType = sourcecode.c.h; path = "HEW WOD-Bridging-Header.h"; sourceTree = "<group>"; };
		5437A3B921BC525400533CFC /* NKMarkupParser.m */ = {isa = PBXFileReference; fileEncoding = 4; lastKnownFileType = sourcecode.c.objc; path = NKMarkupParser.m; sourceTree = "<group>"; };
		5437A3BA21BC525400533CFC /* NKMarkupParser.h */ = {isa = PBXFileReference; fileEncoding = 4; lastKnownFileType = sourcecode.c.h; path = NKMarkupParser.h; sourceTree = "<group>"; };
		54422A9021B1E54500DB923D /* HEW WOD.app */ = {isa = PBXFileReference; explicitFileType = wrapper.application; includeInIndex = 0; path = "HEW WOD.app"; sourceTree = BUILT_PRODUCTS_DIR; };
		54422A9321B1E54500DB923D /* AppDelegate.swift */ = {isa = PBXFileReference; lastKnownFileType = sourcecode.swift; path = AppDelegate.swift; sourceTree = "<group>"; };
		54422A9A21B1E54700DB923D /* Assets.xcassets */ = {isa = PBXFileReference; lastKnownFileType = folder.assetcatalog; path = Assets.xcassets; sourceTree = "<group>"; };
		54422A9D21B1E54700DB923D /* Base */ = {isa = PBXFileReference; lastKnownFileType = file.storyboard; name = Base; path = Base.lproj/LaunchScreen.storyboard; sourceTree = "<group>"; };
		54422A9F21B1E54700DB923D /* Info.plist */ = {isa = PBXFileReference; lastKnownFileType = text.plist.xml; path = Info.plist; sourceTree = "<group>"; };
		5459DAC021E6A17C00DD2B61 /* SwiftyJSON.framework */ = {isa = PBXFileReference; lastKnownFileType = wrapper.framework; name = SwiftyJSON.framework; path = Carthage/Build/watchOS/SwiftyJSON.framework; sourceTree = SOURCE_ROOT; };
		5477B15C21B6CBD200C2153C /* WorkoutTableViewCell.swift */ = {isa = PBXFileReference; lastKnownFileType = sourcecode.swift; path = WorkoutTableViewCell.swift; sourceTree = "<group>"; };
		5477B16021B6D11700C2153C /* WorkoutsTableViewController.swift */ = {isa = PBXFileReference; lastKnownFileType = sourcecode.swift; path = WorkoutsTableViewController.swift; sourceTree = "<group>"; };
		5477B16221B6D1C000C2153C /* Workout.swift */ = {isa = PBXFileReference; lastKnownFileType = sourcecode.swift; path = Workout.swift; sourceTree = "<group>"; };
		547D5A0121B9FC5F00E8EEEE /* HEWArtwork.png */ = {isa = PBXFileReference; lastKnownFileType = image.png; path = HEWArtwork.png; sourceTree = "<group>"; };
		5482BE4A21C0582D00D011A4 /* fa-solid-900.ttf */ = {isa = PBXFileReference; lastKnownFileType = file; path = "fa-solid-900.ttf"; sourceTree = "<group>"; };
		5482BE5A21C0595700D011A4 /* SettingsTableViewController.swift */ = {isa = PBXFileReference; lastKnownFileType = sourcecode.swift; path = SettingsTableViewController.swift; sourceTree = "<group>"; };
		5482BE5C21C06E6300D011A4 /* Main.storyboard */ = {isa = PBXFileReference; fileEncoding = 4; lastKnownFileType = file.storyboard; path = Main.storyboard; sourceTree = "<group>"; };
		54AFB88D21B9994900705CDC /* HEW WOD.entitlements */ = {isa = PBXFileReference; lastKnownFileType = text.plist.entitlements; path = "HEW WOD.entitlements"; sourceTree = "<group>"; };
		54BD2E4621BB21DA005D6C07 /* NSAttributedStringExtension.swift */ = {isa = PBXFileReference; lastKnownFileType = sourcecode.swift; name = NSAttributedStringExtension.swift; path = Source/NSAttributedStringExtension.swift; sourceTree = SOURCE_ROOT; };
		54C8AC3321E545AC004BD138 /* HEW WOD Watch.app */ = {isa = PBXFileReference; explicitFileType = wrapper.application; includeInIndex = 0; path = "HEW WOD Watch.app"; sourceTree = BUILT_PRODUCTS_DIR; };
		54C8AC3621E545AC004BD138 /* Base */ = {isa = PBXFileReference; lastKnownFileType = file.storyboard; name = Base; path = Base.lproj/Interface.storyboard; sourceTree = "<group>"; };
		54C8AC3821E545AF004BD138 /* Assets.xcassets */ = {isa = PBXFileReference; lastKnownFileType = folder.assetcatalog; path = Assets.xcassets; sourceTree = "<group>"; };
		54C8AC3A21E545AF004BD138 /* Info.plist */ = {isa = PBXFileReference; lastKnownFileType = text.plist.xml; path = Info.plist; sourceTree = "<group>"; };
		54C8AC3F21E545B0004BD138 /* HEW WOD Watch Extension.appex */ = {isa = PBXFileReference; explicitFileType = "wrapper.app-extension"; includeInIndex = 0; path = "HEW WOD Watch Extension.appex"; sourceTree = BUILT_PRODUCTS_DIR; };
		54C8AC4421E545B0004BD138 /* InterfaceController.swift */ = {isa = PBXFileReference; lastKnownFileType = sourcecode.swift; path = InterfaceController.swift; sourceTree = "<group>"; };
		54C8AC4621E545B0004BD138 /* ExtensionDelegate.swift */ = {isa = PBXFileReference; lastKnownFileType = sourcecode.swift; path = ExtensionDelegate.swift; sourceTree = "<group>"; };
		54C8AC4821E545B0004BD138 /* NotificationController.swift */ = {isa = PBXFileReference; lastKnownFileType = sourcecode.swift; path = NotificationController.swift; sourceTree = "<group>"; };
		54C8AC4A21E545B0004BD138 /* Assets.xcassets */ = {isa = PBXFileReference; lastKnownFileType = folder.assetcatalog; path = Assets.xcassets; sourceTree = "<group>"; };
		54C8AC4C21E545B0004BD138 /* Info.plist */ = {isa = PBXFileReference; lastKnownFileType = text.plist.xml; path = Info.plist; sourceTree = "<group>"; };
		54C8AC4D21E545B0004BD138 /* PushNotificationPayload.apns */ = {isa = PBXFileReference; lastKnownFileType = text; path = PushNotificationPayload.apns; sourceTree = "<group>"; };
		54ECD53A21C5B8C600B27F7B /* Alamofire.framework */ = {isa = PBXFileReference; lastKnownFileType = wrapper.framework; name = Alamofire.framework; path = Carthage/Build/iOS/Alamofire.framework; sourceTree = SOURCE_ROOT; };
		54ECD53C21C5B8CE00B27F7B /* SwiftyJSON.framework */ = {isa = PBXFileReference; lastKnownFileType = wrapper.framework; name = SwiftyJSON.framework; path = Carthage/Build/iOS/SwiftyJSON.framework; sourceTree = SOURCE_ROOT; };
/* End PBXFileReference section */

/* Begin PBXFrameworksBuildPhase section */
		54422A8D21B1E54500DB923D /* Frameworks */ = {
			isa = PBXFrameworksBuildPhase;
			buildActionMask = 2147483647;
			files = (
				54ECD53D21C5B8CE00B27F7B /* SwiftyJSON.framework in Frameworks */,
				54ECD53B21C5B8C600B27F7B /* Alamofire.framework in Frameworks */,
			);
			runOnlyForDeploymentPostprocessing = 0;
		};
		549FB9E121E69C2300F7056F /* Frameworks */ = {
			isa = PBXFrameworksBuildPhase;
			buildActionMask = 2147483647;
			files = (
			);
			runOnlyForDeploymentPostprocessing = 0;
		};
		54C8AC3C21E545B0004BD138 /* Frameworks */ = {
			isa = PBXFrameworksBuildPhase;
			buildActionMask = 2147483647;
			files = (
				5459DAC521E6F16700DD2B61 /* SwiftyJSON.framework in Frameworks */,
			);
			runOnlyForDeploymentPostprocessing = 0;
		};
/* End PBXFrameworksBuildPhase section */

/* Begin PBXGroup section */
		54422A8721B1E54500DB923D = {
			isa = PBXGroup;
			children = (
				547CAE7E21C4AEA500704843 /* Source */,
				547CAE7F21C4AEC400704843 /* Misc */,
				54C8AC3421E545AC004BD138 /* HEW WOD Watch */,
				54C8AC4321E545B0004BD138 /* HEW WOD Watch Extension */,
				54ECD54021C5BA2F00B27F7B /* Frameworks */,
				54422A9121B1E54500DB923D /* Products */,
			);
			sourceTree = "<group>";
		};
		54422A9121B1E54500DB923D /* Products */ = {
			isa = PBXGroup;
			children = (
				54422A9021B1E54500DB923D /* HEW WOD.app */,
				54C8AC3321E545AC004BD138 /* HEW WOD Watch.app */,
				54C8AC3F21E545B0004BD138 /* HEW WOD Watch Extension.appex */,
			);
			name = Products;
			sourceTree = "<group>";
		};
		547CAE7E21C4AEA500704843 /* Source */ = {
			isa = PBXGroup;
			children = (
				54422A9321B1E54500DB923D /* AppDelegate.swift */,
				5437A3AA21BC525400533CFC /* HEW WOD-Bridging-Header.h */,
				5437A3BA21BC525400533CFC /* NKMarkupParser.h */,
				5437A3B921BC525400533CFC /* NKMarkupParser.m */,
				54BD2E4621BB21DA005D6C07 /* NSAttributedStringExtension.swift */,
				5482BE5A21C0595700D011A4 /* SettingsTableViewController.swift */,
				5435232E21B71847009C98E7 /* SwiftyJsonExtension.swift */,
				5477B16221B6D1C000C2153C /* Workout.swift */,
				5477B16021B6D11700C2153C /* WorkoutsTableViewController.swift */,
				5477B15C21B6CBD200C2153C /* WorkoutTableViewCell.swift */,
			);
			path = Source;
			sourceTree = "<group>";
		};
		547CAE7F21C4AEC400704843 /* Misc */ = {
			isa = PBXGroup;
			children = (
				54422A9A21B1E54700DB923D /* Assets.xcassets */,
				5482BE4A21C0582D00D011A4 /* fa-solid-900.ttf */,
				54AFB88D21B9994900705CDC /* HEW WOD.entitlements */,
				547D5A0121B9FC5F00E8EEEE /* HEWArtwork.png */,
				54422A9F21B1E54700DB923D /* Info.plist */,
				54422A9C21B1E54700DB923D /* LaunchScreen.storyboard */,
				5482BE5C21C06E6300D011A4 /* Main.storyboard */,
			);
			path = Misc;
			sourceTree = "<group>";
		};
		54C8AC3421E545AC004BD138 /* HEW WOD Watch */ = {
			isa = PBXGroup;
			children = (
				54C8AC3521E545AC004BD138 /* Interface.storyboard */,
				54C8AC3821E545AF004BD138 /* Assets.xcassets */,
				54C8AC3A21E545AF004BD138 /* Info.plist */,
			);
			path = "HEW WOD Watch";
			sourceTree = "<group>";
		};
		54C8AC4321E545B0004BD138 /* HEW WOD Watch Extension */ = {
			isa = PBXGroup;
			children = (
				54C8AC4421E545B0004BD138 /* InterfaceController.swift */,
				54C8AC4621E545B0004BD138 /* ExtensionDelegate.swift */,
				541D2EDB21E7D6B800C68E0F /* ComplicationController.swift */,
				54C8AC4821E545B0004BD138 /* NotificationController.swift */,
				54C8AC4A21E545B0004BD138 /* Assets.xcassets */,
				54C8AC4C21E545B0004BD138 /* Info.plist */,
				54C8AC4D21E545B0004BD138 /* PushNotificationPayload.apns */,
			);
			path = "HEW WOD Watch Extension";
			sourceTree = "<group>";
		};
		54ECD54021C5BA2F00B27F7B /* Frameworks */ = {
			isa = PBXGroup;
			children = (
				5459DAC021E6A17C00DD2B61 /* SwiftyJSON.framework */,
				54ECD53A21C5B8C600B27F7B /* Alamofire.framework */,
				54ECD53C21C5B8CE00B27F7B /* SwiftyJSON.framework */,
			);
			name = Frameworks;
			sourceTree = "<group>";
		};
/* End PBXGroup section */

/* Begin PBXNativeTarget section */
		54422A8F21B1E54500DB923D /* HEW WOD */ = {
			isa = PBXNativeTarget;
			buildConfigurationList = 54422AA221B1E54700DB923D /* Build configuration list for PBXNativeTarget "HEW WOD" */;
			buildPhases = (
				54422A8C21B1E54500DB923D /* Sources */,
				54422A8D21B1E54500DB923D /* Frameworks */,
				54422A8E21B1E54500DB923D /* Resources */,
				5477B15B21B6BFC200C2153C /* Embed Frameworks */,
				54C8AC5821E545B0004BD138 /* Embed Watch Content */,
				5459DAC421E6F02600DD2B61 /* ShellScript */,
			);
			buildRules = (
			);
			dependencies = (
				54C8AC4F21E545B0004BD138 /* PBXTargetDependency */,
			);
			name = "HEW WOD";
			productName = HEWAVL;
			productReference = 54422A9021B1E54500DB923D /* HEW WOD.app */;
			productType = "com.apple.product-type.application";
		};
		54C8AC3221E545AC004BD138 /* HEW WOD Watch */ = {
			isa = PBXNativeTarget;
			buildConfigurationList = 54C8AC5721E545B0004BD138 /* Build configuration list for PBXNativeTarget "HEW WOD Watch" */;
			buildPhases = (
				54C8AC3121E545AC004BD138 /* Resources */,
				54C8AC5621E545B0004BD138 /* Embed App Extensions */,
				549FB9E121E69C2300F7056F /* Frameworks */,
			);
			buildRules = (
			);
			dependencies = (
				54C8AC4221E545B0004BD138 /* PBXTargetDependency */,
			);
			name = "HEW WOD Watch";
			productName = "HEW WOD Watch";
			productReference = 54C8AC3321E545AC004BD138 /* HEW WOD Watch.app */;
			productType = "com.apple.product-type.application.watchapp2";
		};
		54C8AC3E21E545B0004BD138 /* HEW WOD Watch Extension */ = {
			isa = PBXNativeTarget;
			buildConfigurationList = 54C8AC5521E545B0004BD138 /* Build configuration list for PBXNativeTarget "HEW WOD Watch Extension" */;
			buildPhases = (
				54C8AC3B21E545B0004BD138 /* Sources */,
				54C8AC3C21E545B0004BD138 /* Frameworks */,
				54C8AC3D21E545B0004BD138 /* Resources */,
				549FB9EB21E69C6600F7056F /* Embed Frameworks */,
				5459DAC621E77D1600DD2B61 /* ShellScript */,
			);
			buildRules = (
			);
			dependencies = (
			);
			name = "HEW WOD Watch Extension";
			productName = "HEW WOD Watch Extension";
			productReference = 54C8AC3F21E545B0004BD138 /* HEW WOD Watch Extension.appex */;
			productType = "com.apple.product-type.watchkit2-extension";
		};
/* End PBXNativeTarget section */

/* Begin PBXProject section */
		54422A8821B1E54500DB923D /* Project object */ = {
			isa = PBXProject;
			attributes = {
				LastSwiftUpdateCheck = 1010;
				LastUpgradeCheck = 1010;
				ORGANIZATIONNAME = "Klockenga,Nick";
				TargetAttributes = {
					54422A8F21B1E54500DB923D = {
						CreatedOnToolsVersion = 10.1;
						LastSwiftMigration = 1010;
						SystemCapabilities = {
							com.apple.BackgroundModes = {
								enabled = 1;
							};
							com.apple.Push = {
								enabled = 1;
							};
						};
					};
					54C8AC3221E545AC004BD138 = {
						CreatedOnToolsVersion = 10.1;
					};
					54C8AC3E21E545B0004BD138 = {
						CreatedOnToolsVersion = 10.1;
					};
				};
			};
			buildConfigurationList = 54422A8B21B1E54500DB923D /* Build configuration list for PBXProject "HEW WOD" */;
			compatibilityVersion = "Xcode 9.3";
			developmentRegion = en;
			hasScannedForEncodings = 0;
			knownRegions = (
				en,
				Base,
			);
			mainGroup = 54422A8721B1E54500DB923D;
			productRefGroup = 54422A9121B1E54500DB923D /* Products */;
			projectDirPath = "";
			projectRoot = "";
			targets = (
				54422A8F21B1E54500DB923D /* HEW WOD */,
				54C8AC3221E545AC004BD138 /* HEW WOD Watch */,
				54C8AC3E21E545B0004BD138 /* HEW WOD Watch Extension */,
			);
		};
/* End PBXProject section */

/* Begin PBXResourcesBuildPhase section */
		54422A8E21B1E54500DB923D /* Resources */ = {
			isa = PBXResourcesBuildPhase;
			buildActionMask = 2147483647;
			files = (
				54422A9E21B1E54700DB923D /* LaunchScreen.storyboard in Resources */,
				5482BE5D21C06E6300D011A4 /* Main.storyboard in Resources */,
				5482BE5921C0582D00D011A4 /* fa-solid-900.ttf in Resources */,
				54422A9B21B1E54700DB923D /* Assets.xcassets in Resources */,
				547D5A0221B9FC6000E8EEEE /* HEWArtwork.png in Resources */,
			);
			runOnlyForDeploymentPostprocessing = 0;
		};
		54C8AC3121E545AC004BD138 /* Resources */ = {
			isa = PBXResourcesBuildPhase;
			buildActionMask = 2147483647;
			files = (
				54C8AC3921E545AF004BD138 /* Assets.xcassets in Resources */,
				54C8AC3721E545AC004BD138 /* Interface.storyboard in Resources */,
			);
			runOnlyForDeploymentPostprocessing = 0;
		};
		54C8AC3D21E545B0004BD138 /* Resources */ = {
			isa = PBXResourcesBuildPhase;
			buildActionMask = 2147483647;
			files = (
				54C8AC4B21E545B0004BD138 /* Assets.xcassets in Resources */,
			);
			runOnlyForDeploymentPostprocessing = 0;
		};
/* End PBXResourcesBuildPhase section */

/* Begin PBXShellScriptBuildPhase section */
		5459DAC421E6F02600DD2B61 /* ShellScript */ = {
			isa = PBXShellScriptBuildPhase;
			buildActionMask = 2147483647;
			files = (
			);
			inputFileListPaths = (
			);
			inputPaths = (
				"$(SRCROOT)/Carthage/Build/iOS/Alamofire.framework",
				"$(SRCROOT)/Carthage/Build/iOS/SwiftyJSON.framework",
			);
			outputFileListPaths = (
			);
			outputPaths = (
				"$(BUILT_PRODUCTS_DIR)/$(FRAMEWORKS_FOLDER_PATH)/Alamofire.framework",
				"$(BUILT_PRODUCTS_DIR)/$(FRAMEWORKS_FOLDER_PATH)/SwiftyJSON.framework",
			);
			runOnlyForDeploymentPostprocessing = 0;
			shellPath = /bin/sh;
			shellScript = "/usr/local/bin/carthage copy-frameworks\n";
		};
		5459DAC621E77D1600DD2B61 /* ShellScript */ = {
			isa = PBXShellScriptBuildPhase;
			buildActionMask = 2147483647;
			files = (
			);
			inputFileListPaths = (
			);
			inputPaths = (
				"$(SRCROOT)/Carthage/Build/watchOS/SwiftyJSON.framework",
			);
			outputFileListPaths = (
			);
			outputPaths = (
				"$(BUILT_PRODUCTS_DIR)/$(FRAMEWORKS_FOLDER_PATH)/SwiftyJSON.framework",
			);
			runOnlyForDeploymentPostprocessing = 0;
			shellPath = /bin/sh;
			shellScript = "/usr/local/bin/carthage copy-frameworks\n";
		};
/* End PBXShellScriptBuildPhase section */

/* Begin PBXSourcesBuildPhase section */
		54422A8C21B1E54500DB923D /* Sources */ = {
			isa = PBXSourcesBuildPhase;
			buildActionMask = 2147483647;
			files = (
				5437A3BB21BC525400533CFC /* NKMarkupParser.m in Sources */,
				5477B15D21B6CBD200C2153C /* WorkoutTableViewCell.swift in Sources */,
				54422A9421B1E54500DB923D /* AppDelegate.swift in Sources */,
				54BD2E4721BB21DA005D6C07 /* NSAttributedStringExtension.swift in Sources */,
				5477B16321B6D1C000C2153C /* Workout.swift in Sources */,
				5477B16121B6D11700C2153C /* WorkoutsTableViewController.swift in Sources */,
				5435232F21B71847009C98E7 /* SwiftyJsonExtension.swift in Sources */,
				5482BE5B21C0595700D011A4 /* SettingsTableViewController.swift in Sources */,
			);
			runOnlyForDeploymentPostprocessing = 0;
		};
		54C8AC3B21E545B0004BD138 /* Sources */ = {
			isa = PBXSourcesBuildPhase;
			buildActionMask = 2147483647;
			files = (
				54C8AC4921E545B0004BD138 /* NotificationController.swift in Sources */,
				54D6FBE021E64F8900425717 /* NKMarkupParser.m in Sources */,
				541D2EDC21E7D6B800C68E0F /* ComplicationController.swift in Sources */,
				54C8AC4721E545B0004BD138 /* ExtensionDelegate.swift in Sources */,
				54C8AC4521E545B0004BD138 /* InterfaceController.swift in Sources */,
			);
			runOnlyForDeploymentPostprocessing = 0;
		};
/* End PBXSourcesBuildPhase section */

/* Begin PBXTargetDependency section */
		54C8AC4221E545B0004BD138 /* PBXTargetDependency */ = {
			isa = PBXTargetDependency;
			target = 54C8AC3E21E545B0004BD138 /* HEW WOD Watch Extension */;
			targetProxy = 54C8AC4121E545B0004BD138 /* PBXContainerItemProxy */;
		};
		54C8AC4F21E545B0004BD138 /* PBXTargetDependency */ = {
			isa = PBXTargetDependency;
			target = 54C8AC3221E545AC004BD138 /* HEW WOD Watch */;
			targetProxy = 54C8AC4E21E545B0004BD138 /* PBXContainerItemProxy */;
		};
/* End PBXTargetDependency section */

/* Begin PBXVariantGroup section */
		54422A9C21B1E54700DB923D /* LaunchScreen.storyboard */ = {
			isa = PBXVariantGroup;
			children = (
				54422A9D21B1E54700DB923D /* Base */,
			);
			name = LaunchScreen.storyboard;
			sourceTree = "<group>";
		};
		54C8AC3521E545AC004BD138 /* Interface.storyboard */ = {
			isa = PBXVariantGroup;
			children = (
				54C8AC3621E545AC004BD138 /* Base */,
			);
			name = Interface.storyboard;
			sourceTree = "<group>";
		};
/* End PBXVariantGroup section */

/* Begin XCBuildConfiguration section */
		54422AA021B1E54700DB923D /* Debug */ = {
			isa = XCBuildConfiguration;
			buildSettings = {
				ALWAYS_SEARCH_USER_PATHS = NO;
				CLANG_ANALYZER_NONNULL = YES;
				CLANG_ANALYZER_NUMBER_OBJECT_CONVERSION = YES_AGGRESSIVE;
				CLANG_CXX_LANGUAGE_STANDARD = "gnu++14";
				CLANG_CXX_LIBRARY = "libc++";
				CLANG_ENABLE_MODULES = YES;
				CLANG_ENABLE_OBJC_ARC = YES;
				CLANG_ENABLE_OBJC_WEAK = YES;
				CLANG_WARN_BLOCK_CAPTURE_AUTORELEASING = YES;
				CLANG_WARN_BOOL_CONVERSION = YES;
				CLANG_WARN_COMMA = YES;
				CLANG_WARN_CONSTANT_CONVERSION = YES;
				CLANG_WARN_DEPRECATED_OBJC_IMPLEMENTATIONS = YES;
				CLANG_WARN_DIRECT_OBJC_ISA_USAGE = YES_ERROR;
				CLANG_WARN_DOCUMENTATION_COMMENTS = YES;
				CLANG_WARN_EMPTY_BODY = YES;
				CLANG_WARN_ENUM_CONVERSION = YES;
				CLANG_WARN_INFINITE_RECURSION = YES;
				CLANG_WARN_INT_CONVERSION = YES;
				CLANG_WARN_NON_LITERAL_NULL_CONVERSION = YES;
				CLANG_WARN_OBJC_IMPLICIT_RETAIN_SELF = YES;
				CLANG_WARN_OBJC_LITERAL_CONVERSION = YES;
				CLANG_WARN_OBJC_ROOT_CLASS = YES_ERROR;
				CLANG_WARN_RANGE_LOOP_ANALYSIS = YES;
				CLANG_WARN_STRICT_PROTOTYPES = YES;
				CLANG_WARN_SUSPICIOUS_MOVE = YES;
				CLANG_WARN_UNGUARDED_AVAILABILITY = YES_AGGRESSIVE;
				CLANG_WARN_UNREACHABLE_CODE = YES;
				CLANG_WARN__DUPLICATE_METHOD_MATCH = YES;
				CODE_SIGN_IDENTITY = "iPhone Developer";
				COPY_PHASE_STRIP = NO;
				DEBUG_INFORMATION_FORMAT = dwarf;
				ENABLE_STRICT_OBJC_MSGSEND = YES;
				ENABLE_TESTABILITY = YES;
				GCC_C_LANGUAGE_STANDARD = gnu11;
				GCC_DYNAMIC_NO_PIC = NO;
				GCC_NO_COMMON_BLOCKS = YES;
				GCC_OPTIMIZATION_LEVEL = 0;
				GCC_PREPROCESSOR_DEFINITIONS = (
					"DEBUG=1",
					"$(inherited)",
				);
				GCC_WARN_64_TO_32_BIT_CONVERSION = YES;
				GCC_WARN_ABOUT_RETURN_TYPE = YES_ERROR;
				GCC_WARN_UNDECLARED_SELECTOR = YES;
				GCC_WARN_UNINITIALIZED_AUTOS = YES_AGGRESSIVE;
				GCC_WARN_UNUSED_FUNCTION = YES;
				GCC_WARN_UNUSED_VARIABLE = YES;
				IPHONEOS_DEPLOYMENT_TARGET = 12.1;
				MTL_ENABLE_DEBUG_INFO = INCLUDE_SOURCE;
				MTL_FAST_MATH = YES;
				ONLY_ACTIVE_ARCH = YES;
				SDKROOT = iphoneos;
				SWIFT_ACTIVE_COMPILATION_CONDITIONS = DEBUG;
				SWIFT_OPTIMIZATION_LEVEL = "-Onone";
			};
			name = Debug;
		};
		54422AA121B1E54700DB923D /* Release */ = {
			isa = XCBuildConfiguration;
			buildSettings = {
				ALWAYS_SEARCH_USER_PATHS = NO;
				CLANG_ANALYZER_NONNULL = YES;
				CLANG_ANALYZER_NUMBER_OBJECT_CONVERSION = YES_AGGRESSIVE;
				CLANG_CXX_LANGUAGE_STANDARD = "gnu++14";
				CLANG_CXX_LIBRARY = "libc++";
				CLANG_ENABLE_MODULES = YES;
				CLANG_ENABLE_OBJC_ARC = YES;
				CLANG_ENABLE_OBJC_WEAK = YES;
				CLANG_WARN_BLOCK_CAPTURE_AUTORELEASING = YES;
				CLANG_WARN_BOOL_CONVERSION = YES;
				CLANG_WARN_COMMA = YES;
				CLANG_WARN_CONSTANT_CONVERSION = YES;
				CLANG_WARN_DEPRECATED_OBJC_IMPLEMENTATIONS = YES;
				CLANG_WARN_DIRECT_OBJC_ISA_USAGE = YES_ERROR;
				CLANG_WARN_DOCUMENTATION_COMMENTS = YES;
				CLANG_WARN_EMPTY_BODY = YES;
				CLANG_WARN_ENUM_CONVERSION = YES;
				CLANG_WARN_INFINITE_RECURSION = YES;
				CLANG_WARN_INT_CONVERSION = YES;
				CLANG_WARN_NON_LITERAL_NULL_CONVERSION = YES;
				CLANG_WARN_OBJC_IMPLICIT_RETAIN_SELF = YES;
				CLANG_WARN_OBJC_LITERAL_CONVERSION = YES;
				CLANG_WARN_OBJC_ROOT_CLASS = YES_ERROR;
				CLANG_WARN_RANGE_LOOP_ANALYSIS = YES;
				CLANG_WARN_STRICT_PROTOTYPES = YES;
				CLANG_WARN_SUSPICIOUS_MOVE = YES;
				CLANG_WARN_UNGUARDED_AVAILABILITY = YES_AGGRESSIVE;
				CLANG_WARN_UNREACHABLE_CODE = YES;
				CLANG_WARN__DUPLICATE_METHOD_MATCH = YES;
				CODE_SIGN_IDENTITY = "iPhone Developer";
				COPY_PHASE_STRIP = NO;
				DEBUG_INFORMATION_FORMAT = "dwarf-with-dsym";
				ENABLE_NS_ASSERTIONS = NO;
				ENABLE_STRICT_OBJC_MSGSEND = YES;
				GCC_C_LANGUAGE_STANDARD = gnu11;
				GCC_NO_COMMON_BLOCKS = YES;
				GCC_WARN_64_TO_32_BIT_CONVERSION = YES;
				GCC_WARN_ABOUT_RETURN_TYPE = YES_ERROR;
				GCC_WARN_UNDECLARED_SELECTOR = YES;
				GCC_WARN_UNINITIALIZED_AUTOS = YES_AGGRESSIVE;
				GCC_WARN_UNUSED_FUNCTION = YES;
				GCC_WARN_UNUSED_VARIABLE = YES;
				IPHONEOS_DEPLOYMENT_TARGET = 12.1;
				MTL_ENABLE_DEBUG_INFO = NO;
				MTL_FAST_MATH = YES;
				SDKROOT = iphoneos;
				SWIFT_COMPILATION_MODE = wholemodule;
				SWIFT_OPTIMIZATION_LEVEL = "-O";
				VALIDATE_PRODUCT = YES;
			};
			name = Release;
		};
		54422AA321B1E54700DB923D /* Debug */ = {
			isa = XCBuildConfiguration;
			buildSettings = {
				ALWAYS_EMBED_SWIFT_STANDARD_LIBRARIES = YES;
				ASSETCATALOG_COMPILER_APPICON_NAME = AppIcon;
				CLANG_ENABLE_MODULES = YES;
				CODE_SIGN_ENTITLEMENTS = "./Misc/HEW WOD.entitlements";
				CODE_SIGN_STYLE = Automatic;
				DEVELOPMENT_TEAM = ZW85AH743B;
				FRAMEWORK_SEARCH_PATHS = (
					"$(inherited)",
					"$(PROJECT_DIR)/Carthage/Build/iOS",
				);
				INFOPLIST_FILE = Misc/Info.plist;
				IPHONEOS_DEPLOYMENT_TARGET = 11.0;
				LD_RUNPATH_SEARCH_PATHS = (
					"$(inherited)",
					"@executable_path/Frameworks",
				);
				PRODUCT_BUNDLE_IDENTIFIER = com.klockenga.hewwod;
				PRODUCT_NAME = "$(TARGET_NAME)";
				SWIFT_OBJC_BRIDGING_HEADER = "./Source/HEW WOD-Bridging-Header.h";
				SWIFT_OPTIMIZATION_LEVEL = "-Onone";
				SWIFT_VERSION = 4.2;
				TARGETED_DEVICE_FAMILY = 1;
			};
			name = Debug;
		};
		54422AA421B1E54700DB923D /* Release */ = {
			isa = XCBuildConfiguration;
			buildSettings = {
				ALWAYS_EMBED_SWIFT_STANDARD_LIBRARIES = YES;
				ASSETCATALOG_COMPILER_APPICON_NAME = AppIcon;
				CLANG_ENABLE_MODULES = YES;
				CODE_SIGN_ENTITLEMENTS = "./Misc/HEW WOD.entitlements";
				CODE_SIGN_STYLE = Automatic;
				DEVELOPMENT_TEAM = ZW85AH743B;
				FRAMEWORK_SEARCH_PATHS = (
					"$(inherited)",
					"$(PROJECT_DIR)/Carthage/Build/iOS",
				);
				INFOPLIST_FILE = Misc/Info.plist;
				IPHONEOS_DEPLOYMENT_TARGET = 11.0;
				LD_RUNPATH_SEARCH_PATHS = (
					"$(inherited)",
					"@executable_path/Frameworks",
				);
				PRODUCT_BUNDLE_IDENTIFIER = com.klockenga.hewwod;
				PRODUCT_NAME = "$(TARGET_NAME)";
				SWIFT_OBJC_BRIDGING_HEADER = "./Source/HEW WOD-Bridging-Header.h";
				SWIFT_VERSION = 4.2;
				TARGETED_DEVICE_FAMILY = 1;
			};
			name = Release;
		};
		54C8AC5121E545B0004BD138 /* Debug */ = {
			isa = XCBuildConfiguration;
			buildSettings = {
				ALWAYS_EMBED_SWIFT_STANDARD_LIBRARIES = YES;
				ASSETCATALOG_COMPILER_APPICON_NAME = AppIcon;
				CODE_SIGN_STYLE = Automatic;
				DEVELOPMENT_TEAM = ZW85AH743B;
				FRAMEWORK_SEARCH_PATHS = (
					"$(inherited)",
					"$(PROJECT_DIR)/Carthage/Build/iOS",
					"$(PROJECT_DIR)",
				);
				IBSC_MODULE = HEW_WOD_Watch_Extension;
				INFOPLIST_FILE = "HEW WOD Watch/Info.plist";
				LD_RUNPATH_SEARCH_PATHS = (
					"$(inherited)",
					"@executable_path/Frameworks",
				);
				PRODUCT_BUNDLE_IDENTIFIER = com.klockenga.hewwod.watchkitapp;
				PRODUCT_NAME = "$(TARGET_NAME)";
				SDKROOT = watchos;
				SKIP_INSTALL = YES;
				SWIFT_VERSION = 4.2;
				TARGETED_DEVICE_FAMILY = 4;
				WATCHOS_DEPLOYMENT_TARGET = 5.1;
			};
			name = Debug;
		};
		54C8AC5221E545B0004BD138 /* Release */ = {
			isa = XCBuildConfiguration;
			buildSettings = {
				ALWAYS_EMBED_SWIFT_STANDARD_LIBRARIES = YES;
				ASSETCATALOG_COMPILER_APPICON_NAME = AppIcon;
				CODE_SIGN_STYLE = Automatic;
				DEVELOPMENT_TEAM = ZW85AH743B;
				FRAMEWORK_SEARCH_PATHS = (
					"$(inherited)",
					"$(PROJECT_DIR)/Carthage/Build/iOS",
					"$(PROJECT_DIR)",
				);
				IBSC_MODULE = HEW_WOD_Watch_Extension;
				INFOPLIST_FILE = "HEW WOD Watch/Info.plist";
				LD_RUNPATH_SEARCH_PATHS = (
					"$(inherited)",
					"@executable_path/Frameworks",
				);
				PRODUCT_BUNDLE_IDENTIFIER = com.klockenga.hewwod.watchkitapp;
				PRODUCT_NAME = "$(TARGET_NAME)";
				SDKROOT = watchos;
				SKIP_INSTALL = YES;
				SWIFT_VERSION = 4.2;
				TARGETED_DEVICE_FAMILY = 4;
				WATCHOS_DEPLOYMENT_TARGET = 5.1;
			};
			name = Release;
		};
		54C8AC5321E545B0004BD138 /* Debug */ = {
			isa = XCBuildConfiguration;
			buildSettings = {
				ASSETCATALOG_COMPILER_COMPLICATION_NAME = Complication;
				CODE_SIGN_STYLE = Automatic;
				DEVELOPMENT_TEAM = ZW85AH743B;
				FRAMEWORK_SEARCH_PATHS = (
					"$(inherited)",
					"$(PROJECT_DIR)/Carthage/Build/watchOS",
					"$(PROJECT_DIR)",
					"$(PROJECT_DIR)/Carthage/Build/iOS",
				);
				INFOPLIST_FILE = "HEW WOD Watch Extension/Info.plist";
				LD_RUNPATH_SEARCH_PATHS = (
					"$(inherited)",
					"@executable_path/Frameworks",
					"@executable_path/../../Frameworks",
				);
				PRODUCT_BUNDLE_IDENTIFIER = com.klockenga.hewwod.watchkitapp.watchkitextension;
				PRODUCT_NAME = "${TARGET_NAME}";
				SDKROOT = watchos;
				SKIP_INSTALL = YES;
				SWIFT_OBJC_BRIDGING_HEADER = "./Source/HEW WOD-Bridging-Header.h";
				SWIFT_VERSION = 4.2;
				TARGETED_DEVICE_FAMILY = 4;
				WATCHOS_DEPLOYMENT_TARGET = 5.1;
			};
			name = Debug;
		};
		54C8AC5421E545B0004BD138 /* Release */ = {
			isa = XCBuildConfiguration;
			buildSettings = {
				ASSETCATALOG_COMPILER_COMPLICATION_NAME = Complication;
				CODE_SIGN_STYLE = Automatic;
				DEVELOPMENT_TEAM = ZW85AH743B;
				FRAMEWORK_SEARCH_PATHS = (
					"$(inherited)",
					"$(PROJECT_DIR)/Carthage/Build/watchOS",
					"$(PROJECT_DIR)",
					"$(PROJECT_DIR)/Carthage/Build/iOS",
				);
				INFOPLIST_FILE = "HEW WOD Watch Extension/Info.plist";
				LD_RUNPATH_SEARCH_PATHS = (
					"$(inherited)",
					"@executable_path/Frameworks",
					"@executable_path/../../Frameworks",
				);
				PRODUCT_BUNDLE_IDENTIFIER = com.klockenga.hewwod.watchkitapp.watchkitextension;
				PRODUCT_NAME = "${TARGET_NAME}";
				SDKROOT = watchos;
				SKIP_INSTALL = YES;
				SWIFT_OBJC_BRIDGING_HEADER = "./Source/HEW WOD-Bridging-Header.h";
				SWIFT_VERSION = 4.2;
				TARGETED_DEVICE_FAMILY = 4;
				WATCHOS_DEPLOYMENT_TARGET = 5.1;
			};
			name = Release;
		};
/* End XCBuildConfiguration section */

/* Begin XCConfigurationList section */
		54422A8B21B1E54500DB923D /* Build configuration list for PBXProject "HEW WOD" */ = {
			isa = XCConfigurationList;
			buildConfigurations = (
				54422AA021B1E54700DB923D /* Debug */,
				54422AA121B1E54700DB923D /* Release */,
			);
			defaultConfigurationIsVisible = 0;
			defaultConfigurationName = Release;
		};
		54422AA221B1E54700DB923D /* Build configuration list for PBXNativeTarget "HEW WOD" */ = {
			isa = XCConfigurationList;
			buildConfigurations = (
				54422AA321B1E54700DB923D /* Debug */,
				54422AA421B1E54700DB923D /* Release */,
			);
			defaultConfigurationIsVisible = 0;
			defaultConfigurationName = Release;
		};
		54C8AC5521E545B0004BD138 /* Build configuration list for PBXNativeTarget "HEW WOD Watch Extension" */ = {
			isa = XCConfigurationList;
			buildConfigurations = (
				54C8AC5321E545B0004BD138 /* Debug */,
				54C8AC5421E545B0004BD138 /* Release */,
			);
			defaultConfigurationIsVisible = 0;
			defaultConfigurationName = Release;
		};
		54C8AC5721E545B0004BD138 /* Build configuration list for PBXNativeTarget "HEW WOD Watch" */ = {
			isa = XCConfigurationList;
			buildConfigurations = (
				54C8AC5121E545B0004BD138 /* Debug */,
				54C8AC5221E545B0004BD138 /* Release */,
			);
			defaultConfigurationIsVisible = 0;
			defaultConfigurationName = Release;
		};
/* End XCConfigurationList section */
	};
	rootObject = 54422A8821B1E54500DB923D /* Project object */;
}
